// !$*UTF8*$!
{
	archiveVersion = 1;
	classes = {
	};
	objectVersion = 46;
	objects = {

/* Begin PBXBuildFile section */
		11BFAA97441D07212EEE1B73 /* Pods_SpotUITests.framework in Frameworks */ = {isa = PBXBuildFile; fileRef = 42F5CC11267D1FF3690A7CD7 /* Pods_SpotUITests.framework */; };
		15442D8B2EB041585781F952 /* Pods_Spot.framework in Frameworks */ = {isa = PBXBuildFile; fileRef = F23CA4B64AF591A231C061B5 /* Pods_Spot.framework */; };
		1E168AAF817640AD29B0CE91 /* Pods_SpotTests.framework in Frameworks */ = {isa = PBXBuildFile; fileRef = C69753E91BA6594D9B863151 /* Pods_SpotTests.framework */; };
		9C2138381D98ED460024FBD9 /* AppDelegate.swift in Sources */ = {isa = PBXBuildFile; fileRef = 9C2138371D98ED460024FBD9 /* AppDelegate.swift */; };
		9C21383A1D98ED460024FBD9 /* ViewController.swift in Sources */ = {isa = PBXBuildFile; fileRef = 9C2138391D98ED460024FBD9 /* ViewController.swift */; };
		9C21383D1D98ED460024FBD9 /* Main.storyboard in Resources */ = {isa = PBXBuildFile; fileRef = 9C21383B1D98ED460024FBD9 /* Main.storyboard */; };
		9C2138401D98ED460024FBD9 /* Spot.xcdatamodeld in Sources */ = {isa = PBXBuildFile; fileRef = 9C21383E1D98ED460024FBD9 /* Spot.xcdatamodeld */; };
		9C2138421D98ED460024FBD9 /* Assets.xcassets in Resources */ = {isa = PBXBuildFile; fileRef = 9C2138411D98ED460024FBD9 /* Assets.xcassets */; };
		9C2138451D98ED460024FBD9 /* LaunchScreen.storyboard in Resources */ = {isa = PBXBuildFile; fileRef = 9C2138431D98ED460024FBD9 /* LaunchScreen.storyboard */; };
		9C2138501D98ED470024FBD9 /* SpotTests.swift in Sources */ = {isa = PBXBuildFile; fileRef = 9C21384F1D98ED470024FBD9 /* SpotTests.swift */; };
		9C21385B1D98ED470024FBD9 /* SpotUITests.swift in Sources */ = {isa = PBXBuildFile; fileRef = 9C21385A1D98ED470024FBD9 /* SpotUITests.swift */; };
/* End PBXBuildFile section */

/* Begin PBXContainerItemProxy section */
		9C21384C1D98ED470024FBD9 /* PBXContainerItemProxy */ = {
			isa = PBXContainerItemProxy;
			containerPortal = 9C21382C1D98ED450024FBD9 /* Project object */;
			proxyType = 1;
			remoteGlobalIDString = 9C2138331D98ED450024FBD9;
			remoteInfo = Spot;
		};
		9C2138571D98ED470024FBD9 /* PBXContainerItemProxy */ = {
			isa = PBXContainerItemProxy;
			containerPortal = 9C21382C1D98ED450024FBD9 /* Project object */;
			proxyType = 1;
			remoteGlobalIDString = 9C2138331D98ED450024FBD9;
			remoteInfo = Spot;
		};
/* End PBXContainerItemProxy section */

/* Begin PBXFileReference section */
		42F5CC11267D1FF3690A7CD7 /* Pods_SpotUITests.framework */ = {isa = PBXFileReference; explicitFileType = wrapper.framework; includeInIndex = 0; path = Pods_SpotUITests.framework; sourceTree = BUILT_PRODUCTS_DIR; };
		59A0E0947D015C023F9551EE /* Pods-Spot.release.xcconfig */ = {isa = PBXFileReference; includeInIndex = 1; lastKnownFileType = text.xcconfig; name = "Pods-Spot.release.xcconfig"; path = "Pods/Target Support Files/Pods-Spot/Pods-Spot.release.xcconfig"; sourceTree = "<group>"; };
		71D9EBFCB58AC831237964C4 /* Pods-SpotTests.release.xcconfig */ = {isa = PBXFileReference; includeInIndex = 1; lastKnownFileType = text.xcconfig; name = "Pods-SpotTests.release.xcconfig"; path = "Pods/Target Support Files/Pods-SpotTests/Pods-SpotTests.release.xcconfig"; sourceTree = "<group>"; };
		7AD99F66BD8A9162362E4681 /* Pods-SpotTests.debug.xcconfig */ = {isa = PBXFileReference; includeInIndex = 1; lastKnownFileType = text.xcconfig; name = "Pods-SpotTests.debug.xcconfig"; path = "Pods/Target Support Files/Pods-SpotTests/Pods-SpotTests.debug.xcconfig"; sourceTree = "<group>"; };
		989BA658B2B0BE358A202905 /* Pods-SpotUITests.debug.xcconfig */ = {isa = PBXFileReference; includeInIndex = 1; lastKnownFileType = text.xcconfig; name = "Pods-SpotUITests.debug.xcconfig"; path = "Pods/Target Support Files/Pods-SpotUITests/Pods-SpotUITests.debug.xcconfig"; sourceTree = "<group>"; };
		9C2138341D98ED460024FBD9 /* Spot.app */ = {isa = PBXFileReference; explicitFileType = wrapper.application; includeInIndex = 0; path = Spot.app; sourceTree = BUILT_PRODUCTS_DIR; };
		9C2138371D98ED460024FBD9 /* AppDelegate.swift */ = {isa = PBXFileReference; lastKnownFileType = sourcecode.swift; path = AppDelegate.swift; sourceTree = "<group>"; };
		9C2138391D98ED460024FBD9 /* ViewController.swift */ = {isa = PBXFileReference; lastKnownFileType = sourcecode.swift; path = ViewController.swift; sourceTree = "<group>"; };
		9C21383C1D98ED460024FBD9 /* Base */ = {isa = PBXFileReference; lastKnownFileType = file.storyboard; name = Base; path = Base.lproj/Main.storyboard; sourceTree = "<group>"; };
		9C21383F1D98ED460024FBD9 /* Spot.xcdatamodel */ = {isa = PBXFileReference; lastKnownFileType = wrapper.xcdatamodel; path = Spot.xcdatamodel; sourceTree = "<group>"; };
		9C2138411D98ED460024FBD9 /* Assets.xcassets */ = {isa = PBXFileReference; lastKnownFileType = folder.assetcatalog; path = Assets.xcassets; sourceTree = "<group>"; };
		9C2138441D98ED460024FBD9 /* Base */ = {isa = PBXFileReference; lastKnownFileType = file.storyboard; name = Base; path = Base.lproj/LaunchScreen.storyboard; sourceTree = "<group>"; };
		9C2138461D98ED470024FBD9 /* Info.plist */ = {isa = PBXFileReference; lastKnownFileType = text.plist.xml; path = Info.plist; sourceTree = "<group>"; };
		9C21384B1D98ED470024FBD9 /* SpotTests.xctest */ = {isa = PBXFileReference; explicitFileType = wrapper.cfbundle; includeInIndex = 0; path = SpotTests.xctest; sourceTree = BUILT_PRODUCTS_DIR; };
		9C21384F1D98ED470024FBD9 /* SpotTests.swift */ = {isa = PBXFileReference; lastKnownFileType = sourcecode.swift; path = SpotTests.swift; sourceTree = "<group>"; };
		9C2138511D98ED470024FBD9 /* Info.plist */ = {isa = PBXFileReference; lastKnownFileType = text.plist.xml; path = Info.plist; sourceTree = "<group>"; };
		9C2138561D98ED470024FBD9 /* SpotUITests.xctest */ = {isa = PBXFileReference; explicitFileType = wrapper.cfbundle; includeInIndex = 0; path = SpotUITests.xctest; sourceTree = BUILT_PRODUCTS_DIR; };
		9C21385A1D98ED470024FBD9 /* SpotUITests.swift */ = {isa = PBXFileReference; lastKnownFileType = sourcecode.swift; path = SpotUITests.swift; sourceTree = "<group>"; };
		9C21385C1D98ED470024FBD9 /* Info.plist */ = {isa = PBXFileReference; lastKnownFileType = text.plist.xml; path = Info.plist; sourceTree = "<group>"; };
		A8242174E2843DF81E7FF896 /* Pods-Spot.debug.xcconfig */ = {isa = PBXFileReference; includeInIndex = 1; lastKnownFileType = text.xcconfig; name = "Pods-Spot.debug.xcconfig"; path = "Pods/Target Support Files/Pods-Spot/Pods-Spot.debug.xcconfig"; sourceTree = "<group>"; };
		AB54F3BD8F4BA381D099267B /* Pods-SpotUITests.release.xcconfig */ = {isa = PBXFileReference; includeInIndex = 1; lastKnownFileType = text.xcconfig; name = "Pods-SpotUITests.release.xcconfig"; path = "Pods/Target Support Files/Pods-SpotUITests/Pods-SpotUITests.release.xcconfig"; sourceTree = "<group>"; };
		C69753E91BA6594D9B863151 /* Pods_SpotTests.framework */ = {isa = PBXFileReference; explicitFileType = wrapper.framework; includeInIndex = 0; path = Pods_SpotTests.framework; sourceTree = BUILT_PRODUCTS_DIR; };
		F23CA4B64AF591A231C061B5 /* Pods_Spot.framework */ = {isa = PBXFileReference; explicitFileType = wrapper.framework; includeInIndex = 0; path = Pods_Spot.framework; sourceTree = BUILT_PRODUCTS_DIR; };
/* End PBXFileReference section */

/* Begin PBXFrameworksBuildPhase section */
		9C2138311D98ED450024FBD9 /* Frameworks */ = {
			isa = PBXFrameworksBuildPhase;
			buildActionMask = 2147483647;
			files = (
				15442D8B2EB041585781F952 /* Pods_Spot.framework in Frameworks */,
			);
			runOnlyForDeploymentPostprocessing = 0;
		};
		9C2138481D98ED470024FBD9 /* Frameworks */ = {
			isa = PBXFrameworksBuildPhase;
			buildActionMask = 2147483647;
			files = (
				1E168AAF817640AD29B0CE91 /* Pods_SpotTests.framework in Frameworks */,
			);
			runOnlyForDeploymentPostprocessing = 0;
		};
		9C2138531D98ED470024FBD9 /* Frameworks */ = {
			isa = PBXFrameworksBuildPhase;
			buildActionMask = 2147483647;
			files = (
				11BFAA97441D07212EEE1B73 /* Pods_SpotUITests.framework in Frameworks */,
			);
			runOnlyForDeploymentPostprocessing = 0;
		};
/* End PBXFrameworksBuildPhase section */

/* Begin PBXGroup section */
		25BEB4F29DD462528D35F8F0 /* Frameworks */ = {
			isa = PBXGroup;
			children = (
				F23CA4B64AF591A231C061B5 /* Pods_Spot.framework */,
				C69753E91BA6594D9B863151 /* Pods_SpotTests.framework */,
				42F5CC11267D1FF3690A7CD7 /* Pods_SpotUITests.framework */,
			);
			name = Frameworks;
			sourceTree = "<group>";
		};
		9C21382B1D98ED450024FBD9 = {
			isa = PBXGroup;
			children = (
				9C2138361D98ED460024FBD9 /* Spot */,
				9C21384E1D98ED470024FBD9 /* SpotTests */,
				9C2138591D98ED470024FBD9 /* SpotUITests */,
				9C2138351D98ED460024FBD9 /* Products */,
				EE4FDF0E0DDA208FE5DD4192 /* Pods */,
				25BEB4F29DD462528D35F8F0 /* Frameworks */,
			);
			sourceTree = "<group>";
		};
		9C2138351D98ED460024FBD9 /* Products */ = {
			isa = PBXGroup;
			children = (
				9C2138341D98ED460024FBD9 /* Spot.app */,
				9C21384B1D98ED470024FBD9 /* SpotTests.xctest */,
				9C2138561D98ED470024FBD9 /* SpotUITests.xctest */,
			);
			name = Products;
			sourceTree = "<group>";
		};
		9C2138361D98ED460024FBD9 /* Spot */ = {
			isa = PBXGroup;
			children = (
				9C2138371D98ED460024FBD9 /* AppDelegate.swift */,
				9C2138391D98ED460024FBD9 /* ViewController.swift */,
				9C21383B1D98ED460024FBD9 /* Main.storyboard */,
				9C2138411D98ED460024FBD9 /* Assets.xcassets */,
				9C2138431D98ED460024FBD9 /* LaunchScreen.storyboard */,
				9C2138461D98ED470024FBD9 /* Info.plist */,
				9C21383E1D98ED460024FBD9 /* Spot.xcdatamodeld */,
			);
			path = Spot;
			sourceTree = "<group>";
		};
		9C21384E1D98ED470024FBD9 /* SpotTests */ = {
			isa = PBXGroup;
			children = (
				9C21384F1D98ED470024FBD9 /* SpotTests.swift */,
				9C2138511D98ED470024FBD9 /* Info.plist */,
			);
			path = SpotTests;
			sourceTree = "<group>";
		};
		9C2138591D98ED470024FBD9 /* SpotUITests */ = {
			isa = PBXGroup;
			children = (
				9C21385A1D98ED470024FBD9 /* SpotUITests.swift */,
				9C21385C1D98ED470024FBD9 /* Info.plist */,
			);
			path = SpotUITests;
			sourceTree = "<group>";
		};
		EE4FDF0E0DDA208FE5DD4192 /* Pods */ = {
			isa = PBXGroup;
			children = (
				A8242174E2843DF81E7FF896 /* Pods-Spot.debug.xcconfig */,
				59A0E0947D015C023F9551EE /* Pods-Spot.release.xcconfig */,
				7AD99F66BD8A9162362E4681 /* Pods-SpotTests.debug.xcconfig */,
				71D9EBFCB58AC831237964C4 /* Pods-SpotTests.release.xcconfig */,
				989BA658B2B0BE358A202905 /* Pods-SpotUITests.debug.xcconfig */,
				AB54F3BD8F4BA381D099267B /* Pods-SpotUITests.release.xcconfig */,
			);
			name = Pods;
			sourceTree = "<group>";
		};
/* End PBXGroup section */

/* Begin PBXNativeTarget section */
		9C2138331D98ED450024FBD9 /* Spot */ = {
			isa = PBXNativeTarget;
			buildConfigurationList = 9C21385F1D98ED470024FBD9 /* Build configuration list for PBXNativeTarget "Spot" */;
			buildPhases = (
				13EC71D0A25569BFB3FE7DEB /* [CP] Check Pods Manifest.lock */,
				9C2138301D98ED450024FBD9 /* Sources */,
				9C2138311D98ED450024FBD9 /* Frameworks */,
				9C2138321D98ED450024FBD9 /* Resources */,
				F236B36858BA2E49C5980C40 /* [CP] Embed Pods Frameworks */,
				5F2AD3261EA0E4336468CC50 /* [CP] Copy Pods Resources */,
			);
			buildRules = (
			);
			dependencies = (
			);
			name = Spot;
			productName = Spot;
			productReference = 9C2138341D98ED460024FBD9 /* Spot.app */;
			productType = "com.apple.product-type.application";
		};
		9C21384A1D98ED470024FBD9 /* SpotTests */ = {
			isa = PBXNativeTarget;
			buildConfigurationList = 9C2138621D98ED470024FBD9 /* Build configuration list for PBXNativeTarget "SpotTests" */;
			buildPhases = (
				53345384BCC755FC20142F63 /* [CP] Check Pods Manifest.lock */,
				9C2138471D98ED470024FBD9 /* Sources */,
				9C2138481D98ED470024FBD9 /* Frameworks */,
				9C2138491D98ED470024FBD9 /* Resources */,
				99C2943EFCE700DB5354131A /* [CP] Embed Pods Frameworks */,
				EB3F2B951FA1FFCEBDBDC84B /* [CP] Copy Pods Resources */,
			);
			buildRules = (
			);
			dependencies = (
				9C21384D1D98ED470024FBD9 /* PBXTargetDependency */,
			);
			name = SpotTests;
			productName = SpotTests;
			productReference = 9C21384B1D98ED470024FBD9 /* SpotTests.xctest */;
			productType = "com.apple.product-type.bundle.unit-test";
		};
		9C2138551D98ED470024FBD9 /* SpotUITests */ = {
			isa = PBXNativeTarget;
			buildConfigurationList = 9C2138651D98ED470024FBD9 /* Build configuration list for PBXNativeTarget "SpotUITests" */;
			buildPhases = (
				280C53698A808B62F331E236 /* [CP] Check Pods Manifest.lock */,
				9C2138521D98ED470024FBD9 /* Sources */,
				9C2138531D98ED470024FBD9 /* Frameworks */,
				9C2138541D98ED470024FBD9 /* Resources */,
				AB887824BB832D71040ECDCE /* [CP] Copy Pods Resources */,
			);
			buildRules = (
			);
			dependencies = (
				9C2138581D98ED470024FBD9 /* PBXTargetDependency */,
			);
			name = SpotUITests;
			productName = SpotUITests;
			productReference = 9C2138561D98ED470024FBD9 /* SpotUITests.xctest */;
			productType = "com.apple.product-type.bundle.ui-testing";
		};
/* End PBXNativeTarget section */

/* Begin PBXProject section */
		9C21382C1D98ED450024FBD9 /* Project object */ = {
			isa = PBXProject;
			attributes = {
				LastSwiftUpdateCheck = 0800;
				LastUpgradeCheck = 0800;
				ORGANIZATIONNAME = "Umoru Joseph";
				TargetAttributes = {
					9C2138331D98ED450024FBD9 = {
						CreatedOnToolsVersion = 8.0;
						ProvisioningStyle = Automatic;
					};
					9C21384A1D98ED470024FBD9 = {
						CreatedOnToolsVersion = 8.0;
						ProvisioningStyle = Automatic;
						TestTargetID = 9C2138331D98ED450024FBD9;
					};
					9C2138551D98ED470024FBD9 = {
						CreatedOnToolsVersion = 8.0;
						ProvisioningStyle = Automatic;
						TestTargetID = 9C2138331D98ED450024FBD9;
					};
				};
			};
			buildConfigurationList = 9C21382F1D98ED450024FBD9 /* Build configuration list for PBXProject "Spot" */;
			compatibilityVersion = "Xcode 3.2";
			developmentRegion = English;
			hasScannedForEncodings = 0;
			knownRegions = (
				en,
				Base,
			);
			mainGroup = 9C21382B1D98ED450024FBD9;
			productRefGroup = 9C2138351D98ED460024FBD9 /* Products */;
			projectDirPath = "";
			projectRoot = "";
			targets = (
				9C2138331D98ED450024FBD9 /* Spot */,
				9C21384A1D98ED470024FBD9 /* SpotTests */,
				9C2138551D98ED470024FBD9 /* SpotUITests */,
			);
		};
/* End PBXProject section */

/* Begin PBXResourcesBuildPhase section */
		9C2138321D98ED450024FBD9 /* Resources */ = {
			isa = PBXResourcesBuildPhase;
			buildActionMask = 2147483647;
			files = (
				9C2138451D98ED460024FBD9 /* LaunchScreen.storyboard in Resources */,
				9C2138421D98ED460024FBD9 /* Assets.xcassets in Resources */,
				9C21383D1D98ED460024FBD9 /* Main.storyboard in Resources */,
			);
			runOnlyForDeploymentPostprocessing = 0;
		};
		9C2138491D98ED470024FBD9 /* Resources */ = {
			isa = PBXResourcesBuildPhase;
			buildActionMask = 2147483647;
			files = (
			);
			runOnlyForDeploymentPostprocessing = 0;
		};
		9C2138541D98ED470024FBD9 /* Resources */ = {
			isa = PBXResourcesBuildPhase;
			buildActionMask = 2147483647;
			files = (
			);
			runOnlyForDeploymentPostprocessing = 0;
		};
/* End PBXResourcesBuildPhase section */

/* Begin PBXShellScriptBuildPhase section */
		13EC71D0A25569BFB3FE7DEB /* [CP] Check Pods Manifest.lock */ = {
			isa = PBXShellScriptBuildPhase;
			buildActionMask = 2147483647;
			files = (
			);
			inputPaths = (
			);
			name = "[CP] Check Pods Manifest.lock";
			outputPaths = (
			);
			runOnlyForDeploymentPostprocessing = 0;
			shellPath = /bin/sh;
			shellScript = "diff \"${PODS_ROOT}/../Podfile.lock\" \"${PODS_ROOT}/Manifest.lock\" > /dev/null\nif [[ $? != 0 ]] ; then\n    cat << EOM\nerror: The sandbox is not in sync with the Podfile.lock. Run 'pod install' or update your CocoaPods installation.\nEOM\n    exit 1\nfi\n";
			showEnvVarsInLog = 0;
		};
		280C53698A808B62F331E236 /* [CP] Check Pods Manifest.lock */ = {
			isa = PBXShellScriptBuildPhase;
			buildActionMask = 2147483647;
			files = (
			);
			inputPaths = (
			);
			name = "[CP] Check Pods Manifest.lock";
			outputPaths = (
			);
			runOnlyForDeploymentPostprocessing = 0;
			shellPath = /bin/sh;
			shellScript = "diff \"${PODS_ROOT}/../Podfile.lock\" \"${PODS_ROOT}/Manifest.lock\" > /dev/null\nif [[ $? != 0 ]] ; then\n    cat << EOM\nerror: The sandbox is not in sync with the Podfile.lock. Run 'pod install' or update your CocoaPods installation.\nEOM\n    exit 1\nfi\n";
			showEnvVarsInLog = 0;
		};
		53345384BCC755FC20142F63 /* [CP] Check Pods Manifest.lock */ = {
			isa = PBXShellScriptBuildPhase;
			buildActionMask = 2147483647;
			files = (
			);
			inputPaths = (
			);
			name = "[CP] Check Pods Manifest.lock";
			outputPaths = (
			);
			runOnlyForDeploymentPostprocessing = 0;
			shellPath = /bin/sh;
			shellScript = "diff \"${PODS_ROOT}/../Podfile.lock\" \"${PODS_ROOT}/Manifest.lock\" > /dev/null\nif [[ $? != 0 ]] ; then\n    cat << EOM\nerror: The sandbox is not in sync with the Podfile.lock. Run 'pod install' or update your CocoaPods installation.\nEOM\n    exit 1\nfi\n";
			showEnvVarsInLog = 0;
		};
		5F2AD3261EA0E4336468CC50 /* [CP] Copy Pods Resources */ = {
			isa = PBXShellScriptBuildPhase;
			buildActionMask = 2147483647;
			files = (
			);
			inputPaths = (
			);
			name = "[CP] Copy Pods Resources";
			outputPaths = (
			);
			runOnlyForDeploymentPostprocessing = 0;
			shellPath = /bin/sh;
			shellScript = "\"${SRCROOT}/Pods/Target Support Files/Pods-Spot/Pods-Spot-resources.sh\"\n";
			showEnvVarsInLog = 0;
		};
		99C2943EFCE700DB5354131A /* [CP] Embed Pods Frameworks */ = {
			isa = PBXShellScriptBuildPhase;
			buildActionMask = 2147483647;
			files = (
			);
			inputPaths = (
			);
			name = "[CP] Embed Pods Frameworks";
			outputPaths = (
			);
			runOnlyForDeploymentPostprocessing = 0;
			shellPath = /bin/sh;
			shellScript = "\"${SRCROOT}/Pods/Target Support Files/Pods-SpotTests/Pods-SpotTests-frameworks.sh\"\n";
			showEnvVarsInLog = 0;
		};
		AB887824BB832D71040ECDCE /* [CP] Copy Pods Resources */ = {
			isa = PBXShellScriptBuildPhase;
			buildActionMask = 2147483647;
			files = (
			);
			inputPaths = (
			);
			name = "[CP] Copy Pods Resources";
			outputPaths = (
			);
			runOnlyForDeploymentPostprocessing = 0;
			shellPath = /bin/sh;
			shellScript = "\"${SRCROOT}/Pods/Target Support Files/Pods-SpotUITests/Pods-SpotUITests-resources.sh\"\n";
			showEnvVarsInLog = 0;
		};
		EB3F2B951FA1FFCEBDBDC84B /* [CP] Copy Pods Resources */ = {
			isa = PBXShellScriptBuildPhase;
			buildActionMask = 2147483647;
			files = (
			);
			inputPaths = (
			);
			name = "[CP] Copy Pods Resources";
			outputPaths = (
			);
			runOnlyForDeploymentPostprocessing = 0;
			shellPath = /bin/sh;
			shellScript = "\"${SRCROOT}/Pods/Target Support Files/Pods-SpotTests/Pods-SpotTests-resources.sh\"\n";
			showEnvVarsInLog = 0;
		};
		F236B36858BA2E49C5980C40 /* [CP] Embed Pods Frameworks */ = {
			isa = PBXShellScriptBuildPhase;
			buildActionMask = 2147483647;
			files = (
			);
			inputPaths = (
			);
			name = "[CP] Embed Pods Frameworks";
			outputPaths = (
			);
			runOnlyForDeploymentPostprocessing = 0;
			shellPath = /bin/sh;
			shellScript = "\"${SRCROOT}/Pods/Target Support Files/Pods-Spot/Pods-Spot-frameworks.sh\"\n";
			showEnvVarsInLog = 0;
		};
/* End PBXShellScriptBuildPhase section */

/* Begin PBXSourcesBuildPhase section */
		9C2138301D98ED450024FBD9 /* Sources */ = {
			isa = PBXSourcesBuildPhase;
			buildActionMask = 2147483647;
			files = (
				9C2138401D98ED460024FBD9 /* Spot.xcdatamodeld in Sources */,
				9C21383A1D98ED460024FBD9 /* ViewController.swift in Sources */,
				9C2138381D98ED460024FBD9 /* AppDelegate.swift in Sources */,
			);
			runOnlyForDeploymentPostprocessing = 0;
		};
		9C2138471D98ED470024FBD9 /* Sources */ = {
			isa = PBXSourcesBuildPhase;
			buildActionMask = 2147483647;
			files = (
				9C2138501D98ED470024FBD9 /* SpotTests.swift in Sources */,
			);
			runOnlyForDeploymentPostprocessing = 0;
		};
		9C2138521D98ED470024FBD9 /* Sources */ = {
			isa = PBXSourcesBuildPhase;
			buildActionMask = 2147483647;
			files = (
				9C21385B1D98ED470024FBD9 /* SpotUITests.swift in Sources */,
			);
			runOnlyForDeploymentPostprocessing = 0;
		};
/* End PBXSourcesBuildPhase section */

/* Begin PBXTargetDependency section */
		9C21384D1D98ED470024FBD9 /* PBXTargetDependency */ = {
			isa = PBXTargetDependency;
			target = 9C2138331D98ED450024FBD9 /* Spot */;
			targetProxy = 9C21384C1D98ED470024FBD9 /* PBXContainerItemProxy */;
		};
		9C2138581D98ED470024FBD9 /* PBXTargetDependency */ = {
			isa = PBXTargetDependency;
			target = 9C2138331D98ED450024FBD9 /* Spot */;
			targetProxy = 9C2138571D98ED470024FBD9 /* PBXContainerItemProxy */;
		};
/* End PBXTargetDependency section */

/* Begin PBXVariantGroup section */
		9C21383B1D98ED460024FBD9 /* Main.storyboard */ = {
			isa = PBXVariantGroup;
			children = (
				9C21383C1D98ED460024FBD9 /* Base */,
			);
			name = Main.storyboard;
			sourceTree = "<group>";
		};
		9C2138431D98ED460024FBD9 /* LaunchScreen.storyboard */ = {
			isa = PBXVariantGroup;
			children = (
				9C2138441D98ED460024FBD9 /* Base */,
			);
			name = LaunchScreen.storyboard;
			sourceTree = "<group>";
		};
/* End PBXVariantGroup section */

/* Begin XCBuildConfiguration section */
		9C21385D1D98ED470024FBD9 /* Debug */ = {
			isa = XCBuildConfiguration;
			buildSettings = {
				ALWAYS_SEARCH_USER_PATHS = NO;
				CLANG_ANALYZER_NONNULL = YES;
				CLANG_CXX_LANGUAGE_STANDARD = "gnu++0x";
				CLANG_CXX_LIBRARY = "libc++";
				CLANG_ENABLE_MODULES = YES;
				CLANG_ENABLE_OBJC_ARC = YES;
				CLANG_WARN_BOOL_CONVERSION = YES;
				CLANG_WARN_CONSTANT_CONVERSION = YES;
				CLANG_WARN_DIRECT_OBJC_ISA_USAGE = YES_ERROR;
				CLANG_WARN_DOCUMENTATION_COMMENTS = YES;
				CLANG_WARN_EMPTY_BODY = YES;
				CLANG_WARN_ENUM_CONVERSION = YES;
				CLANG_WARN_INFINITE_RECURSION = YES;
				CLANG_WARN_INT_CONVERSION = YES;
				CLANG_WARN_OBJC_ROOT_CLASS = YES_ERROR;
				CLANG_WARN_SUSPICIOUS_MOVES = YES;
				CLANG_WARN_UNREACHABLE_CODE = YES;
				CLANG_WARN__DUPLICATE_METHOD_MATCH = YES;
				"CODE_SIGN_IDENTITY[sdk=iphoneos*]" = "iPhone Developer";
				COPY_PHASE_STRIP = NO;
				DEBUG_INFORMATION_FORMAT = dwarf;
				ENABLE_STRICT_OBJC_MSGSEND = YES;
				ENABLE_TESTABILITY = YES;
				GCC_C_LANGUAGE_STANDARD = gnu99;
				GCC_DYNAMIC_NO_PIC = NO;
				GCC_NO_COMMON_BLOCKS = YES;
				GCC_OPTIMIZATION_LEVEL = 0;
				GCC_PREPROCESSOR_DEFINITIONS = (
					"DEBUG=1",
					"$(inherited)",
				);
				GCC_WARN_64_TO_32_BIT_CONVERSION = YES;
				GCC_WARN_ABOUT_RETURN_TYPE = YES_ERROR;
				GCC_WARN_UNDECLARED_SELECTOR = YES;
				GCC_WARN_UNINITIALIZED_AUTOS = YES_AGGRESSIVE;
				GCC_WARN_UNUSED_FUNCTION = YES;
				GCC_WARN_UNUSED_VARIABLE = YES;
				IPHONEOS_DEPLOYMENT_TARGET = 10.0;
				MTL_ENABLE_DEBUG_INFO = YES;
				ONLY_ACTIVE_ARCH = YES;
				SDKROOT = iphoneos;
				SWIFT_ACTIVE_COMPILATION_CONDITIONS = DEBUG;
				SWIFT_OPTIMIZATION_LEVEL = "-Onone";
				TARGETED_DEVICE_FAMILY = "1,2";
			};
			name = Debug;
		};
		9C21385E1D98ED470024FBD9 /* Release */ = {
			isa = XCBuildConfiguration;
			buildSettings = {
				ALWAYS_SEARCH_USER_PATHS = NO;
				CLANG_ANALYZER_NONNULL = YES;
				CLANG_CXX_LANGUAGE_STANDARD = "gnu++0x";
				CLANG_CXX_LIBRARY = "libc++";
				CLANG_ENABLE_MODULES = YES;
				CLANG_ENABLE_OBJC_ARC = YES;
				CLANG_WARN_BOOL_CONVERSION = YES;
				CLANG_WARN_CONSTANT_CONVERSION = YES;
				CLANG_WARN_DIRECT_OBJC_ISA_USAGE = YES_ERROR;
				CLANG_WARN_DOCUMENTATION_COMMENTS = YES;
				CLANG_WARN_EMPTY_BODY = YES;
				CLANG_WARN_ENUM_CONVERSION = YES;
				CLANG_WARN_INFINITE_RECURSION = YES;
				CLANG_WARN_INT_CONVERSION = YES;
				CLANG_WARN_OBJC_ROOT_CLASS = YES_ERROR;
				CLANG_WARN_SUSPICIOUS_MOVES = YES;
				CLANG_WARN_UNREACHABLE_CODE = YES;
				CLANG_WARN__DUPLICATE_METHOD_MATCH = YES;
				"CODE_SIGN_IDENTITY[sdk=iphoneos*]" = "iPhone Developer";
				COPY_PHASE_STRIP = NO;
				DEBUG_INFORMATION_FORMAT = "dwarf-with-dsym";
				ENABLE_NS_ASSERTIONS = NO;
				ENABLE_STRICT_OBJC_MSGSEND = YES;
				GCC_C_LANGUAGE_STANDARD = gnu99;
				GCC_NO_COMMON_BLOCKS = YES;
				GCC_WARN_64_TO_32_BIT_CONVERSION = YES;
				GCC_WARN_ABOUT_RETURN_TYPE = YES_ERROR;
				GCC_WARN_UNDECLARED_SELECTOR = YES;
				GCC_WARN_UNINITIALIZED_AUTOS = YES_AGGRESSIVE;
				GCC_WARN_UNUSED_FUNCTION = YES;
				GCC_WARN_UNUSED_VARIABLE = YES;
				IPHONEOS_DEPLOYMENT_TARGET = 10.0;
				MTL_ENABLE_DEBUG_INFO = NO;
				SDKROOT = iphoneos;
				SWIFT_OPTIMIZATION_LEVEL = "-Owholemodule";
				TARGETED_DEVICE_FAMILY = "1,2";
				VALIDATE_PRODUCT = YES;
			};
			name = Release;
		};
		9C2138601D98ED470024FBD9 /* Debug */ = {
			isa = XCBuildConfiguration;
			baseConfigurationReference = A8242174E2843DF81E7FF896 /* Pods-Spot.debug.xcconfig */;
			buildSettings = {
				ASSETCATALOG_COMPILER_APPICON_NAME = AppIcon;
				INFOPLIST_FILE = Spot/Info.plist;
				LD_RUNPATH_SEARCH_PATHS = "$(inherited) @executable_path/Frameworks";
				PRODUCT_BUNDLE_IDENTIFIER = net.umorujoseph.Spot;
				PRODUCT_NAME = "$(TARGET_NAME)";
				SWIFT_VERSION = 3.0;
			};
			name = Debug;
		};
		9C2138611D98ED470024FBD9 /* Release */ = {
			isa = XCBuildConfiguration;
			baseConfigurationReference = 59A0E0947D015C023F9551EE /* Pods-Spot.release.xcconfig */;
			buildSettings = {
				ASSETCATALOG_COMPILER_APPICON_NAME = AppIcon;
				INFOPLIST_FILE = Spot/Info.plist;
				LD_RUNPATH_SEARCH_PATHS = "$(inherited) @executable_path/Frameworks";
				PRODUCT_BUNDLE_IDENTIFIER = net.umorujoseph.Spot;
				PRODUCT_NAME = "$(TARGET_NAME)";
				SWIFT_VERSION = 3.0;
			};
			name = Release;
		};
		9C2138631D98ED470024FBD9 /* Debug */ = {
			isa = XCBuildConfiguration;
			baseConfigurationReference = 7AD99F66BD8A9162362E4681 /* Pods-SpotTests.debug.xcconfig */;
			buildSettings = {
				ALWAYS_EMBED_SWIFT_STANDARD_LIBRARIES = YES;
				BUNDLE_LOADER = "$(TEST_HOST)";
				INFOPLIST_FILE = SpotTests/Info.plist;
				LD_RUNPATH_SEARCH_PATHS = "$(inherited) @executable_path/Frameworks @loader_path/Frameworks";
				PRODUCT_BUNDLE_IDENTIFIER = net.umorujoseph.SpotTests;
				PRODUCT_NAME = "$(TARGET_NAME)";
				SWIFT_VERSION = 3.0;
				TEST_HOST = "$(BUILT_PRODUCTS_DIR)/Spot.app/Spot";
			};
			name = Debug;
		};
		9C2138641D98ED470024FBD9 /* Release */ = {
			isa = XCBuildConfiguration;
			baseConfigurationReference = 71D9EBFCB58AC831237964C4 /* Pods-SpotTests.release.xcconfig */;
			buildSettings = {
				ALWAYS_EMBED_SWIFT_STANDARD_LIBRARIES = YES;
				BUNDLE_LOADER = "$(TEST_HOST)";
				INFOPLIST_FILE = SpotTests/Info.plist;
				LD_RUNPATH_SEARCH_PATHS = "$(inherited) @executable_path/Frameworks @loader_path/Frameworks";
				PRODUCT_BUNDLE_IDENTIFIER = net.umorujoseph.SpotTests;
				PRODUCT_NAME = "$(TARGET_NAME)";
				SWIFT_VERSION = 3.0;
				TEST_HOST = "$(BUILT_PRODUCTS_DIR)/Spot.app/Spot";
			};
			name = Release;
		};
		9C2138661D98ED470024FBD9 /* Debug */ = {
			isa = XCBuildConfiguration;
			baseConfigurationReference = 989BA658B2B0BE358A202905 /* Pods-SpotUITests.debug.xcconfig */;
			buildSettings = {
				ALWAYS_EMBED_SWIFT_STANDARD_LIBRARIES = YES;
				INFOPLIST_FILE = SpotUITests/Info.plist;
				LD_RUNPATH_SEARCH_PATHS = "$(inherited) @executable_path/Frameworks @loader_path/Frameworks";
				PRODUCT_BUNDLE_IDENTIFIER = net.umorujoseph.SpotUITests;
				PRODUCT_NAME = "$(TARGET_NAME)";
				SWIFT_VERSION = 3.0;
				TEST_TARGET_NAME = Spot;
			};
			name = Debug;
		};
		9C2138671D98ED470024FBD9 /* Release */ = {
			isa = XCBuildConfiguration;
			baseConfigurationReference = AB54F3BD8F4BA381D099267B /* Pods-SpotUITests.release.xcconfig */;
			buildSettings = {
				ALWAYS_EMBED_SWIFT_STANDARD_LIBRARIES = YES;
				INFOPLIST_FILE = SpotUITests/Info.plist;
				LD_RUNPATH_SEARCH_PATHS = "$(inherited) @executable_path/Frameworks @loader_path/Frameworks";
				PRODUCT_BUNDLE_IDENTIFIER = net.umorujoseph.SpotUITests;
				PRODUCT_NAME = "$(TARGET_NAME)";
				SWIFT_VERSION = 3.0;
				TEST_TARGET_NAME = Spot;
			};
			name = Release;
		};
/* End XCBuildConfiguration section */

/* Begin XCConfigurationList section */
		9C21382F1D98ED450024FBD9 /* Build configuration list for PBXProject "Spot" */ = {
			isa = XCConfigurationList;
			buildConfigurations = (
				9C21385D1D98ED470024FBD9 /* Debug */,
				9C21385E1D98ED470024FBD9 /* Release */,
			);
			defaultConfigurationIsVisible = 0;
			defaultConfigurationName = Release;
		};
		9C21385F1D98ED470024FBD9 /* Build configuration list for PBXNativeTarget "Spot" */ = {
			isa = XCConfigurationList;
			buildConfigurations = (
				9C2138601D98ED470024FBD9 /* Debug */,
				9C2138611D98ED470024FBD9 /* Release */,
			);
			defaultConfigurationIsVisible = 0;
			defaultConfigurationName = Release;
		};
		9C2138621D98ED470024FBD9 /* Build configuration list for PBXNativeTarget "SpotTests" */ = {
			isa = XCConfigurationList;
			buildConfigurations = (
				9C2138631D98ED470024FBD9 /* Debug */,
				9C2138641D98ED470024FBD9 /* Release */,
			);
			defaultConfigurationIsVisible = 0;
			defaultConfigurationName = Release;
		};
		9C2138651D98ED470024FBD9 /* Build configuration list for PBXNativeTarget "SpotUITests" */ = {
			isa = XCConfigurationList;
			buildConfigurations = (
				9C2138661D98ED470024FBD9 /* Debug */,
				9C2138671D98ED470024FBD9 /* Release */,
			);
			defaultConfigurationIsVisible = 0;
			defaultConfigurationName = Release;
		};
/* End XCConfigurationList section */

/* Begin XCVersionGroup section */
		9C21383E1D98ED460024FBD9 /* Spot.xcdatamodeld */ = {
			isa = XCVersionGroup;
			children = (
				9C21383F1D98ED460024FBD9 /* Spot.xcdatamodel */,
			);
			currentVersion = 9C21383F1D98ED460024FBD9 /* Spot.xcdatamodel */;
			path = Spot.xcdatamodeld;
			sourceTree = "<group>";
			versionGroupType = wrapper.xcdatamodel;
		};
/* End XCVersionGroup section */
	};
	rootObject = 9C21382C1D98ED450024FBD9 /* Project object */;
}
